// !$*UTF8*$!
{
	archiveVersion = 1;
	classes = {
	};
	objectVersion = 77;
	objects = {

/* Begin PBXContainerItemProxy section */
		E96759A32F02191D006F3A0E /* PBXContainerItemProxy */ = {
			isa = PBXContainerItemProxy;
			containerPortal = E967598C2F02191D006F3A0E /* Project object */;
			proxyType = 1;
			remoteGlobalIDString = E96759932F02191D006F3A0E;
			remoteInfo = VoiceVibing;
		};
		E96759AD2F02191D006F3A0E /* PBXContainerItemProxy */ = {
			isa = PBXContainerItemProxy;
			containerPortal = E967598C2F02191D006F3A0E /* Project object */;
			proxyType = 1;
			remoteGlobalIDString = E96759932F02191D006F3A0E;
			remoteInfo = VoiceVibing;
		};
/* End PBXContainerItemProxy section */

/* Begin PBXFileReference section */
		E96759942F02191D006F3A0E /* VoiceVibing.app */ = {isa = PBXFileReference; explicitFileType = wrapper.application; includeInIndex = 0; path = VoiceVibing.app; sourceTree = BUILT_PRODUCTS_DIR; };
		E96759A22F02191D006F3A0E /* VoiceVibingTests.xctest */ = {isa = PBXFileReference; explicitFileType = wrapper.cfbundle; includeInIndex = 0; path = VoiceVibingTests.xctest; sourceTree = BUILT_PRODUCTS_DIR; };
		E96759AC2F02191D006F3A0E /* VoiceVibingUITests.xctest */ = {isa = PBXFileReference; explicitFileType = wrapper.cfbundle; includeInIndex = 0; path = VoiceVibingUITests.xctest; sourceTree = BUILT_PRODUCTS_DIR; };
/* End PBXFileReference section */

/* Begin PBXFileSystemSynchronizedRootGroup section */
		E96759962F02191D006F3A0E /* VoiceVibing */ = {
			isa = PBXFileSystemSynchronizedRootGroup;
			path = VoiceVibing;
			sourceTree = "<group>";
		};
		E96759A52F02191D006F3A0E /* VoiceVibingTests */ = {
			isa = PBXFileSystemSynchronizedRootGroup;
			path = VoiceVibingTests;
			sourceTree = "<group>";
		};
		E96759AF2F02191D006F3A0E /* VoiceVibingUITests */ = {
			isa = PBXFileSystemSynchronizedRootGroup;
			path = VoiceVibingUITests;
			sourceTree = "<group>";
		};
/* End PBXFileSystemSynchronizedRootGroup section */

/* Begin PBXFrameworksBuildPhase section */
		E96759912F02191D006F3A0E /* Frameworks */ = {
			isa = PBXFrameworksBuildPhase;
			buildActionMask = 2147483647;
			files = (
			);
			runOnlyForDeploymentPostprocessing = 0;
		};
		E967599F2F02191D006F3A0E /* Frameworks */ = {
			isa = PBXFrameworksBuildPhase;
			buildActionMask = 2147483647;
			files = (
			);
			runOnlyForDeploymentPostprocessing = 0;
		};
		E96759A92F02191D006F3A0E /* Frameworks */ = {
			isa = PBXFrameworksBuildPhase;
			buildActionMask = 2147483647;
			files = (
			);
			runOnlyForDeploymentPostprocessing = 0;
		};
/* End PBXFrameworksBuildPhase section */

/* Begin PBXGroup section */
		E967598B2F02191D006F3A0E = {
			isa = PBXGroup;
			children = (
				E96759962F02191D006F3A0E /* VoiceVibing */,
				E96759A52F02191D006F3A0E /* VoiceVibingTests */,
				E96759AF2F02191D006F3A0E /* VoiceVibingUITests */,
				E96759952F02191D006F3A0E /* Products */,
			);
			sourceTree = "<group>";
		};
		E96759952F02191D006F3A0E /* Products */ = {
			isa = PBXGroup;
			children = (
				E96759942F02191D006F3A0E /* VoiceVibing.app */,
				E96759A22F02191D006F3A0E /* VoiceVibingTests.xctest */,
				E96759AC2F02191D006F3A0E /* VoiceVibingUITests.xctest */,
			);
			name = Products;
			sourceTree = "<group>";
		};
/* End PBXGroup section */

/* Begin PBXNativeTarget section */
		E96759932F02191D006F3A0E /* VoiceVibing */ = {
			isa = PBXNativeTarget;
			buildConfigurationList = E96759B62F02191D006F3A0E /* Build configuration list for PBXNativeTarget "VoiceVibing" */;
			buildPhases = (
				E96759902F02191D006F3A0E /* Sources */,
				E96759912F02191D006F3A0E /* Frameworks */,
				E96759922F02191D006F3A0E /* Resources */,
			);
			buildRules = (
			);
			dependencies = (
			);
			fileSystemSynchronizedGroups = (
				E96759962F02191D006F3A0E /* VoiceVibing */,
			);
			name = VoiceVibing;
			packageProductDependencies = (
			);
			productName = VoiceVibing;
			productReference = E96759942F02191D006F3A0E /* VoiceVibing.app */;
			productType = "com.apple.product-type.application";
		};
		E96759A12F02191D006F3A0E /* VoiceVibingTests */ = {
			isa = PBXNativeTarget;
			buildConfigurationList = E96759B92F02191D006F3A0E /* Build configuration list for PBXNativeTarget "VoiceVibingTests" */;
			buildPhases = (
				E967599E2F02191D006F3A0E /* Sources */,
				E967599F2F02191D006F3A0E /* Frameworks */,
				E96759A02F02191D006F3A0E /* Resources */,
			);
			buildRules = (
			);
			dependencies = (
				E96759A42F02191D006F3A0E /* PBXTargetDependency */,
			);
			fileSystemSynchronizedGroups = (
				E96759A52F02191D006F3A0E /* VoiceVibingTests */,
			);
			name = VoiceVibingTests;
			packageProductDependencies = (
			);
			productName = VoiceVibingTests;
			productReference = E96759A22F02191D006F3A0E /* VoiceVibingTests.xctest */;
			productType = "com.apple.product-type.bundle.unit-test";
		};
		E96759AB2F02191D006F3A0E /* VoiceVibingUITests */ = {
			isa = PBXNativeTarget;
			buildConfigurationList = E96759BC2F02191D006F3A0E /* Build configuration list for PBXNativeTarget "VoiceVibingUITests" */;
			buildPhases = (
				E96759A82F02191D006F3A0E /* Sources */,
				E96759A92F02191D006F3A0E /* Frameworks */,
				E96759AA2F02191D006F3A0E /* Resources */,
			);
			buildRules = (
			);
			dependencies = (
				E96759AE2F02191D006F3A0E /* PBXTargetDependency */,
			);
			fileSystemSynchronizedGroups = (
				E96759AF2F02191D006F3A0E /* VoiceVibingUITests */,
			);
			name = VoiceVibingUITests;
			packageProductDependencies = (
			);
			productName = VoiceVibingUITests;
			productReference = E96759AC2F02191D006F3A0E /* VoiceVibingUITests.xctest */;
			productType = "com.apple.product-type.bundle.ui-testing";
		};
/* End PBXNativeTarget section */

/* Begin PBXProject section */
		E967598C2F02191D006F3A0E /* Project object */ = {
			isa = PBXProject;
			attributes = {
				BuildIndependentTargetsInParallel = 1;
				LastSwiftUpdateCheck = 1640;
				LastUpgradeCheck = 1640;
				TargetAttributes = {
					E96759932F02191D006F3A0E = {
						CreatedOnToolsVersion = 16.4;
					};
					E96759A12F02191D006F3A0E = {
						CreatedOnToolsVersion = 16.4;
						TestTargetID = E96759932F02191D006F3A0E;
					};
					E96759AB2F02191D006F3A0E = {
						CreatedOnToolsVersion = 16.4;
						TestTargetID = E96759932F02191D006F3A0E;
					};
				};
			};
			buildConfigurationList = E967598F2F02191D006F3A0E /* Build configuration list for PBXProject "VoiceVibing" */;
			developmentRegion = en;
			hasScannedForEncodings = 0;
			knownRegions = (
				en,
				Base,
			);
			mainGroup = E967598B2F02191D006F3A0E;
			minimizedProjectReferenceProxies = 1;
			preferredProjectObjectVersion = 77;
			productRefGroup = E96759952F02191D006F3A0E /* Products */;
			projectDirPath = "";
			projectRoot = "";
			targets = (
				E96759932F02191D006F3A0E /* VoiceVibing */,
				E96759A12F02191D006F3A0E /* VoiceVibingTests */,
				E96759AB2F02191D006F3A0E /* VoiceVibingUITests */,
			);
		};
/* End PBXProject section */

/* Begin PBXResourcesBuildPhase section */
		E96759922F02191D006F3A0E /* Resources */ = {
			isa = PBXResourcesBuildPhase;
			buildActionMask = 2147483647;
			files = (
			);
			runOnlyForDeploymentPostprocessing = 0;
		};
		E96759A02F02191D006F3A0E /* Resources */ = {
			isa = PBXResourcesBuildPhase;
			buildActionMask = 2147483647;
			files = (
			);
			runOnlyForDeploymentPostprocessing = 0;
		};
		E96759AA2F02191D006F3A0E /* Resources */ = {
			isa = PBXResourcesBuildPhase;
			buildActionMask = 2147483647;
			files = (
			);
			runOnlyForDeploymentPostprocessing = 0;
		};
/* End PBXResourcesBuildPhase section */

/* Begin PBXSourcesBuildPhase section */
		E96759902F02191D006F3A0E /* Sources */ = {
			isa = PBXSourcesBuildPhase;
			buildActionMask = 2147483647;
			files = (
			);
			runOnlyForDeploymentPostprocessing = 0;
		};
		E967599E2F02191D006F3A0E /* Sources */ = {
			isa = PBXSourcesBuildPhase;
			buildActionMask = 2147483647;
			files = (
			);
			runOnlyForDeploymentPostprocessing = 0;
		};
		E96759A82F02191D006F3A0E /* Sources */ = {
			isa = PBXSourcesBuildPhase;
			buildActionMask = 2147483647;
			files = (
			);
			runOnlyForDeploymentPostprocessing = 0;
		};
/* End PBXSourcesBuildPhase section */

/* Begin PBXTargetDependency section */
		E96759A42F02191D006F3A0E /* PBXTargetDependency */ = {
			isa = PBXTargetDependency;
			target = E96759932F02191D006F3A0E /* VoiceVibing */;
			targetProxy = E96759A32F02191D006F3A0E /* PBXContainerItemProxy */;
		};
		E96759AE2F02191D006F3A0E /* PBXTargetDependency */ = {
			isa = PBXTargetDependency;
			target = E96759932F02191D006F3A0E /* VoiceVibing */;
			targetProxy = E96759AD2F02191D006F3A0E /* PBXContainerItemProxy */;
		};
/* End PBXTargetDependency section */

/* Begin XCBuildConfiguration section */
		E96759B42F02191D006F3A0E /* Debug */ = {
			isa = XCBuildConfiguration;
			buildSettings = {
				ALWAYS_SEARCH_USER_PATHS = NO;
				ASSETCATALOG_COMPILER_GENERATE_SWIFT_ASSET_SYMBOL_EXTENSIONS = YES;
				CLANG_ANALYZER_NONNULL = YES;
				CLANG_ANALYZER_NUMBER_OBJECT_CONVERSION = YES_AGGRESSIVE;
				CLANG_CXX_LANGUAGE_STANDARD = "gnu++20";
				CLANG_ENABLE_MODULES = YES;
				CLANG_ENABLE_OBJC_ARC = YES;
				CLANG_ENABLE_OBJC_WEAK = YES;
				CLANG_WARN_BLOCK_CAPTURE_AUTORELEASING = YES;
				CLANG_WARN_BOOL_CONVERSION = YES;
				CLANG_WARN_COMMA = YES;
				CLANG_WARN_CONSTANT_CONVERSION = YES;
				CLANG_WARN_DEPRECATED_OBJC_IMPLEMENTATIONS = YES;
				CLANG_WARN_DIRECT_OBJC_ISA_USAGE = YES_ERROR;
				CLANG_WARN_DOCUMENTATION_COMMENTS = YES;
				CLANG_WARN_EMPTY_BODY = YES;
				CLANG_WARN_ENUM_CONVERSION = YES;
				CLANG_WARN_INFINITE_RECURSION = YES;
				CLANG_WARN_INT_CONVERSION = YES;
				CLANG_WARN_NON_LITERAL_NULL_CONVERSION = YES;
				CLANG_WARN_OBJC_IMPLICIT_RETAIN_SELF = YES;
				CLANG_WARN_OBJC_LITERAL_CONVERSION = YES;
				CLANG_WARN_OBJC_ROOT_CLASS = YES_ERROR;
				CLANG_WARN_QUOTED_INCLUDE_IN_FRAMEWORK_HEADER = YES;
				CLANG_WARN_RANGE_LOOP_ANALYSIS = YES;
				CLANG_WARN_STRICT_PROTOTYPES = YES;
				CLANG_WARN_SUSPICIOUS_MOVE = YES;
				CLANG_WARN_UNGUARDED_AVAILABILITY = YES_AGGRESSIVE;
				CLANG_WARN_UNREACHABLE_CODE = YES;
				CLANG_WARN__DUPLICATE_METHOD_MATCH = YES;
				COPY_PHASE_STRIP = NO;
				DEBUG_INFORMATION_FORMAT = dwarf;
				DEVELOPMENT_TEAM = 87QRF73VDS;
				ENABLE_STRICT_OBJC_MSGSEND = YES;
				ENABLE_TESTABILITY = YES;
				ENABLE_USER_SCRIPT_SANDBOXING = YES;
				GCC_C_LANGUAGE_STANDARD = gnu17;
				GCC_DYNAMIC_NO_PIC = NO;
				GCC_NO_COMMON_BLOCKS = YES;
				GCC_OPTIMIZATION_LEVEL = 0;
				GCC_PREPROCESSOR_DEFINITIONS = (
					"DEBUG=1",
					"$(inherited)",
				);
				GCC_WARN_64_TO_32_BIT_CONVERSION = YES;
				GCC_WARN_ABOUT_RETURN_TYPE = YES_ERROR;
				GCC_WARN_UNDECLARED_SELECTOR = YES;
				GCC_WARN_UNINITIALIZED_AUTOS = YES_AGGRESSIVE;
				GCC_WARN_UNUSED_FUNCTION = YES;
				GCC_WARN_UNUSED_VARIABLE = YES;
				LOCALIZATION_PREFERS_STRING_CATALOGS = YES;
				MACOSX_DEPLOYMENT_TARGET = 15.5;
				MTL_ENABLE_DEBUG_INFO = INCLUDE_SOURCE;
				MTL_FAST_MATH = YES;
				ONLY_ACTIVE_ARCH = YES;
				SDKROOT = macosx;
				SWIFT_ACTIVE_COMPILATION_CONDITIONS = "DEBUG $(inherited)";
				SWIFT_OPTIMIZATION_LEVEL = "-Onone";
			};
			name = Debug;
		};
		E96759B52F02191D006F3A0E /* Release */ = {
			isa = XCBuildConfiguration;
			buildSettings = {
				ALWAYS_SEARCH_USER_PATHS = NO;
				ASSETCATALOG_COMPILER_GENERATE_SWIFT_ASSET_SYMBOL_EXTENSIONS = YES;
				CLANG_ANALYZER_NONNULL = YES;
				CLANG_ANALYZER_NUMBER_OBJECT_CONVERSION = YES_AGGRESSIVE;
				CLANG_CXX_LANGUAGE_STANDARD = "gnu++20";
				CLANG_ENABLE_MODULES = YES;
				CLANG_ENABLE_OBJC_ARC = YES;
				CLANG_ENABLE_OBJC_WEAK = YES;
				CLANG_WARN_BLOCK_CAPTURE_AUTORELEASING = YES;
				CLANG_WARN_BOOL_CONVERSION = YES;
				CLANG_WARN_COMMA = YES;
				CLANG_WARN_CONSTANT_CONVERSION = YES;
				CLANG_WARN_DEPRECATED_OBJC_IMPLEMENTATIONS = YES;
				CLANG_WARN_DIRECT_OBJC_ISA_USAGE = YES_ERROR;
				CLANG_WARN_DOCUMENTATION_COMMENTS = YES;
				CLANG_WARN_EMPTY_BODY = YES;
				CLANG_WARN_ENUM_CONVERSION = YES;
				CLANG_WARN_INFINITE_RECURSION = YES;
				CLANG_WARN_INT_CONVERSION = YES;
				CLANG_WARN_NON_LITERAL_NULL_CONVERSION = YES;
				CLANG_WARN_OBJC_IMPLICIT_RETAIN_SELF = YES;
				CLANG_WARN_OBJC_LITERAL_CONVERSION = YES;
				CLANG_WARN_OBJC_ROOT_CLASS = YES_ERROR;
				CLANG_WARN_QUOTED_INCLUDE_IN_FRAMEWORK_HEADER = YES;
				CLANG_WARN_RANGE_LOOP_ANALYSIS = YES;
				CLANG_WARN_STRICT_PROTOTYPES = YES;
				CLANG_WARN_SUSPICIOUS_MOVE = YES;
				CLANG_WARN_UNGUARDED_AVAILABILITY = YES_AGGRESSIVE;
				CLANG_WARN_UNREACHABLE_CODE = YES;
				CLANG_WARN__DUPLICATE_METHOD_MATCH = YES;
				COPY_PHASE_STRIP = NO;
				DEBUG_INFORMATION_FORMAT = "dwarf-with-dsym";
				DEVELOPMENT_TEAM = 87QRF73VDS;
				ENABLE_NS_ASSERTIONS = NO;
				ENABLE_STRICT_OBJC_MSGSEND = YES;
				ENABLE_USER_SCRIPT_SANDBOXING = YES;
				GCC_C_LANGUAGE_STANDARD = gnu17;
				GCC_NO_COMMON_BLOCKS = YES;
				GCC_WARN_64_TO_32_BIT_CONVERSION = YES;
				GCC_WARN_ABOUT_RETURN_TYPE = YES_ERROR;
				GCC_WARN_UNDECLARED_SELECTOR = YES;
				GCC_WARN_UNINITIALIZED_AUTOS = YES_AGGRESSIVE;
				GCC_WARN_UNUSED_FUNCTION = YES;
				GCC_WARN_UNUSED_VARIABLE = YES;
				LOCALIZATION_PREFERS_STRING_CATALOGS = YES;
				MACOSX_DEPLOYMENT_TARGET = 15.5;
				MTL_ENABLE_DEBUG_INFO = NO;
				MTL_FAST_MATH = YES;
				SDKROOT = macosx;
				SWIFT_COMPILATION_MODE = wholemodule;
			};
			name = Release;
		};
		E96759B72F02191D006F3A0E /* Debug */ = {
			isa = XCBuildConfiguration;
			buildSettings = {
				ASSETCATALOG_COMPILER_APPICON_NAME = AppIcon;
				ASSETCATALOG_COMPILER_GLOBAL_ACCENT_COLOR_NAME = AccentColor;
				CODE_SIGN_ENTITLEMENTS = VoiceVibing/VoiceVibing.entitlements;
				CODE_SIGN_STYLE = Automatic;
				COMBINE_HIDPI_IMAGES = YES;
				CURRENT_PROJECT_VERSION = 1;
				DEVELOPMENT_TEAM = 87QRF73VDS;
				ENABLE_HARDENED_RUNTIME = YES;
				ENABLE_PREVIEWS = YES;
				GENERATE_INFOPLIST_FILE = YES;
				INFOPLIST_KEY_NSHumanReadableCopyright = "";
				LD_RUNPATH_SEARCH_PATHS = (
					"$(inherited)",
					"@executable_path/../Frameworks",
				);
				MARKETING_VERSION = 1.0;
				PRODUCT_BUNDLE_IDENTIFIER = zerekat.VoiceVibing;
				PRODUCT_NAME = "$(TARGET_NAME)";
				REGISTER_APP_GROUPS = YES;
				SWIFT_EMIT_LOC_STRINGS = YES;
				SWIFT_VERSION = 5.0;
			};
			name = Debug;
		};
		E96759B82F02191D006F3A0E /* Release */ = {
			isa = XCBuildConfiguration;
			buildSettings = {
				ASSETCATALOG_COMPILER_APPICON_NAME = AppIcon;
				ASSETCATALOG_COMPILER_GLOBAL_ACCENT_COLOR_NAME = AccentColor;
				CODE_SIGN_ENTITLEMENTS = VoiceVibing/VoiceVibing.entitlements;
				CODE_SIGN_STYLE = Automatic;
				COMBINE_HIDPI_IMAGES = YES;
				CURRENT_PROJECT_VERSION = 1;
				DEVELOPMENT_TEAM = 87QRF73VDS;
				ENABLE_HARDENED_RUNTIME = YES;
				ENABLE_PREVIEWS = YES;
				GENERATE_INFOPLIST_FILE = YES;
				INFOPLIST_KEY_NSHumanReadableCopyright = "";
				LD_RUNPATH_SEARCH_PATHS = (
					"$(inherited)",
					"@executable_path/../Frameworks",
				);
				MARKETING_VERSION = 1.0;
				PRODUCT_BUNDLE_IDENTIFIER = zerekat.VoiceVibing;
				PRODUCT_NAME = "$(TARGET_NAME)";
				REGISTER_APP_GROUPS = YES;
				SWIFT_EMIT_LOC_STRINGS = YES;
				SWIFT_VERSION = 5.0;
			};
			name = Release;
		};
		E96759BA2F02191D006F3A0E /* Debug */ = {
			isa = XCBuildConfiguration;
			buildSettings = {
				BUNDLE_LOADER = "$(TEST_HOST)";
				CODE_SIGN_STYLE = Automatic;
				CURRENT_PROJECT_VERSION = 1;
				DEVELOPMENT_TEAM = 87QRF73VDS;
				GENERATE_INFOPLIST_FILE = YES;
				MACOSX_DEPLOYMENT_TARGET = 15.5;
				MARKETING_VERSION = 1.0;
				PRODUCT_BUNDLE_IDENTIFIER = zerekat.VoiceVibingTests;
				PRODUCT_NAME = "$(TARGET_NAME)";
				SWIFT_EMIT_LOC_STRINGS = NO;
				SWIFT_VERSION = 5.0;
				TEST_HOST = "$(BUILT_PRODUCTS_DIR)/VoiceVibing.app/$(BUNDLE_EXECUTABLE_FOLDER_PATH)/VoiceVibing";
			};
			name = Debug;
		};
		E96759BB2F02191D006F3A0E /* Release */ = {
			isa = XCBuildConfiguration;
			buildSettings = {
				BUNDLE_LOADER = "$(TEST_HOST)";
				CODE_SIGN_STYLE = Automatic;
				CURRENT_PROJECT_VERSION = 1;
				DEVELOPMENT_TEAM = 87QRF73VDS;
				GENERATE_INFOPLIST_FILE = YES;
				MACOSX_DEPLOYMENT_TARGET = 15.5;
				MARKETING_VERSION = 1.0;
				PRODUCT_BUNDLE_IDENTIFIER = zerekat.VoiceVibingTests;
				PRODUCT_NAME = "$(TARGET_NAME)";
				SWIFT_EMIT_LOC_STRINGS = NO;
				SWIFT_VERSION = 5.0;
				TEST_HOST = "$(BUILT_PRODUCTS_DIR)/VoiceVibing.app/$(BUNDLE_EXECUTABLE_FOLDER_PATH)/VoiceVibing";
			};
			name = Release;
		};
		E96759BD2F02191D006F3A0E /* Debug */ = {
			isa = XCBuildConfiguration;
			buildSettings = {
				CODE_SIGN_STYLE = Automatic;
				CURRENT_PROJECT_VERSION = 1;
				DEVELOPMENT_TEAM = 87QRF73VDS;
				GENERATE_INFOPLIST_FILE = YES;
				MARKETING_VERSION = 1.0;
				PRODUCT_BUNDLE_IDENTIFIER = zerekat.VoiceVibingUITests;
				PRODUCT_NAME = "$(TARGET_NAME)";
				SWIFT_EMIT_LOC_STRINGS = NO;
				SWIFT_VERSION = 5.0;
				TEST_TARGET_NAME = VoiceVibing;
			};
			name = Debug;
		};
		E96759BE2F02191D006F3A0E /* Release */ = {
			isa = XCBuildConfiguration;
			buildSettings = {
				CODE_SIGN_STYLE = Automatic;
				CURRENT_PROJECT_VERSION = 1;
				DEVELOPMENT_TEAM = 87QRF73VDS;
				GENERATE_INFOPLIST_FILE = YES;
				MARKETING_VERSION = 1.0;
				PRODUCT_BUNDLE_IDENTIFIER = zerekat.VoiceVibingUITests;
				PRODUCT_NAME = "$(TARGET_NAME)";
				SWIFT_EMIT_LOC_STRINGS = NO;
				SWIFT_VERSION = 5.0;
				TEST_TARGET_NAME = VoiceVibing;
			};
			name = Release;
		};
/* End XCBuildConfiguration section */

/* Begin XCConfigurationList section */
		E967598F2F02191D006F3A0E /* Build configuration list for PBXProject "VoiceVibing" */ = {
			isa = XCConfigurationList;
			buildConfigurations = (
				E96759B42F02191D006F3A0E /* Debug */,
				E96759B52F02191D006F3A0E /* Release */,
			);
			defaultConfigurationIsVisible = 0;
			defaultConfigurationName = Release;
		};
		E96759B62F02191D006F3A0E /* Build configuration list for PBXNativeTarget "VoiceVibing" */ = {
			isa = XCConfigurationList;
			buildConfigurations = (
				E96759B72F02191D006F3A0E /* Debug */,
				E96759B82F02191D006F3A0E /* Release */,
			);
			defaultConfigurationIsVisible = 0;
			defaultConfigurationName = Release;
		};
		E96759B92F02191D006F3A0E /* Build configuration list for PBXNativeTarget "VoiceVibingTests" */ = {
			isa = XCConfigurationList;
			buildConfigurations = (
				E96759BA2F02191D006F3A0E /* Debug */,
				E96759BB2F02191D006F3A0E /* Release */,
			);
			defaultConfigurationIsVisible = 0;
			defaultConfigurationName = Release;
		};
		E96759BC2F02191D006F3A0E /* Build configuration list for PBXNativeTarget "VoiceVibingUITests" */ = {
			isa = XCConfigurationList;
			buildConfigurations = (
				E96759BD2F02191D006F3A0E /* Debug */,
				E96759BE2F02191D006F3A0E /* Release */,
			);
			defaultConfigurationIsVisible = 0;
			defaultConfigurationName = Release;
		};
/* End XCConfigurationList section */
	};
	rootObject = E967598C2F02191D006F3A0E /* Project object */;
}
